
Microsoft Visual Studio Solution File, Format Version 12.00
# Visual Studio Version 16
VisualStudioVersion = 16.0.29009.5
MinimumVisualStudioVersion = 10.0.40219.1
Project("{FAE04EC0-301F-11D3-BF4B-00C04F79EFBC}") = "CartApi", "CartApi\CartApi.csproj", "{19E34838-66BD-4267-9359-64565E9DA1CD}"
EndProject
Global
	GlobalSection(SolutionConfigurationPlatforms) = preSolution
		Debug|Any CPU = Debug|Any CPU
		Release|Any CPU = Release|Any CPU
	EndGlobalSection
	GlobalSection(ProjectConfigurationPlatforms) = postSolution
		{19E34838-66BD-4267-9359-64565E9DA1CD}.Debug|Any CPU.ActiveCfg = Debug|Any CPU
		{19E34838-66BD-4267-9359-64565E9DA1CD}.Debug|Any CPU.Build.0 = Debug|Any CPU
		{19E34838-66BD-4267-9359-64565E9DA1CD}.Release|Any CPU.ActiveCfg = Release|Any CPU
		{19E34838-66BD-4267-9359-64565E9DA1CD}.Release|Any CPU.Build.0 = Release|Any CPU
	EndGlobalSection
	GlobalSection(SolutionProperties) = preSolution
		HideSolutionNode = FALSE
	EndGlobalSection
	GlobalSection(ExtensibilityGlobals) = postSolution
		SolutionGuid = {D501147D-79D0-4AFE-A042-05EC9F4077FC}
	EndGlobalSection
EndGlobal
